
Microsoft Visual Studio Solution File, Format Version 12.00
# Visual Studio Version 16
VisualStudioVersion = 16.0.30517.126
MinimumVisualStudioVersion = 10.0.40219.1
Project("{FAE04EC0-301F-11D3-BF4B-00C04F79EFBC}") = "RestaurantMenuStudio", "ConsoleApp1\RestaurantMenuStudio.csproj", "{21484065-5384-48F4-B1B8-1F0ADC8294EF}"
EndProject
Global
	GlobalSection(SolutionConfigurationPlatforms) = preSolution
		Debug|Any CPU = Debug|Any CPU
		Release|Any CPU = Release|Any CPU
	EndGlobalSection
	GlobalSection(ProjectConfigurationPlatforms) = postSolution
		{21484065-5384-48F4-B1B8-1F0ADC8294EF}.Debug|Any CPU.ActiveCfg = Debug|Any CPU
		{21484065-5384-48F4-B1B8-1F0ADC8294EF}.Debug|Any CPU.Build.0 = Debug|Any CPU
		{21484065-5384-48F4-B1B8-1F0ADC8294EF}.Release|Any CPU.ActiveCfg = Release|Any CPU
		{21484065-5384-48F4-B1B8-1F0ADC8294EF}.Release|Any CPU.Build.0 = Release|Any CPU
	EndGlobalSection
	GlobalSection(SolutionProperties) = preSolution
		HideSolutionNode = FALSE
	EndGlobalSection
	GlobalSection(ExtensibilityGlobals) = postSolution
		SolutionGuid = {B19E8B55-51E1-4F0E-9514-AB3859424B44}
	EndGlobalSection
EndGlobal
